
Microsoft Visual Studio Solution File, Format Version 12.00
# Visual Studio Version 17
VisualStudioVersion = 17.13.35931.197 d17.13
MinimumVisualStudioVersion = 10.0.40219.1
Project("{FAE04EC0-301F-11D3-BF4B-00C04F79EFBC}") = "CloudComputing.Examen1.API", "CloudComputing.Examen1.API\CloudComputing.Examen1.API.csproj", "{3B59915B-F342-4D17-B727-149B8EC3E833}"
EndProject
Global
	GlobalSection(SolutionConfigurationPlatforms) = preSolution
		Debug|Any CPU = Debug|Any CPU
		Release|Any CPU = Release|Any CPU
	EndGlobalSection
	GlobalSection(ProjectConfigurationPlatforms) = postSolution
		{3B59915B-F342-4D17-B727-149B8EC3E833}.Debug|Any CPU.ActiveCfg = Debug|Any CPU
		{3B59915B-F342-4D17-B727-149B8EC3E833}.Debug|Any CPU.Build.0 = Debug|Any CPU
		{3B59915B-F342-4D17-B727-149B8EC3E833}.Release|Any CPU.ActiveCfg = Release|Any CPU
		{3B59915B-F342-4D17-B727-149B8EC3E833}.Release|Any CPU.Build.0 = Release|Any CPU
	EndGlobalSection
	GlobalSection(SolutionProperties) = preSolution
		HideSolutionNode = FALSE
	EndGlobalSection
	GlobalSection(ExtensibilityGlobals) = postSolution
		SolutionGuid = {48C81F4F-41F2-4D48-9498-1B83D30E6B9A}
	EndGlobalSection
EndGlobal
