
Microsoft Visual Studio Solution File, Format Version 12.00
# Visual Studio Version 17
VisualStudioVersion = 17.13.35931.197 d17.13
MinimumVisualStudioVersion = 10.0.40219.1
Project("{FAE04EC0-301F-11D3-BF4B-00C04F79EFBC}") = "CloudComputing.Examen1.API", "CloudComputing.Examen1.API\CloudComputing.Examen1.API.csproj", "{EEC89E97-2519-4067-8C49-11E6290B52A6}"
EndProject
Project("{FAE04EC0-301F-11D3-BF4B-00C04F79EFBC}") = "CloudComputing.Models", "CloudComputing.Models\CloudComputing.Models.csproj", "{0ADF5F1A-D3D7-46AF-B03D-79D12ECA6821}"
EndProject
Project("{FAE04EC0-301F-11D3-BF4B-00C04F79EFBC}") = "CloudComputing.Examen1.WEB.MVC", "CloudComputing.Examen1.WEB.MVC\CloudComputing.Examen1.WEB.MVC.csproj", "{C484D8F9-2ED4-418D-9C9D-59279503C2B4}"
EndProject
Project("{FAE04EC0-301F-11D3-BF4B-00C04F79EFBC}") = "CloudComputing.Examen1.API.Consumer", "CloudComputing.Examen1.API.Consumer\CloudComputing.Examen1.API.Consumer.csproj", "{27236F32-CEF1-42E8-A2FC-63F405461116}"
EndProject
Global
	GlobalSection(SolutionConfigurationPlatforms) = preSolution
		Debug|Any CPU = Debug|Any CPU
		Release|Any CPU = Release|Any CPU
	EndGlobalSection
	GlobalSection(ProjectConfigurationPlatforms) = postSolution
		{EEC89E97-2519-4067-8C49-11E6290B52A6}.Debug|Any CPU.ActiveCfg = Debug|Any CPU
		{EEC89E97-2519-4067-8C49-11E6290B52A6}.Debug|Any CPU.Build.0 = Debug|Any CPU
		{EEC89E97-2519-4067-8C49-11E6290B52A6}.Release|Any CPU.ActiveCfg = Release|Any CPU
		{EEC89E97-2519-4067-8C49-11E6290B52A6}.Release|Any CPU.Build.0 = Release|Any CPU
		{0ADF5F1A-D3D7-46AF-B03D-79D12ECA6821}.Debug|Any CPU.ActiveCfg = Debug|Any CPU
		{0ADF5F1A-D3D7-46AF-B03D-79D12ECA6821}.Debug|Any CPU.Build.0 = Debug|Any CPU
		{0ADF5F1A-D3D7-46AF-B03D-79D12ECA6821}.Release|Any CPU.ActiveCfg = Release|Any CPU
		{0ADF5F1A-D3D7-46AF-B03D-79D12ECA6821}.Release|Any CPU.Build.0 = Release|Any CPU
		{C484D8F9-2ED4-418D-9C9D-59279503C2B4}.Debug|Any CPU.ActiveCfg = Debug|Any CPU
		{C484D8F9-2ED4-418D-9C9D-59279503C2B4}.Debug|Any CPU.Build.0 = Debug|Any CPU
		{C484D8F9-2ED4-418D-9C9D-59279503C2B4}.Release|Any CPU.ActiveCfg = Release|Any CPU
		{C484D8F9-2ED4-418D-9C9D-59279503C2B4}.Release|Any CPU.Build.0 = Release|Any CPU
		{27236F32-CEF1-42E8-A2FC-63F405461116}.Debug|Any CPU.ActiveCfg = Debug|Any CPU
		{27236F32-CEF1-42E8-A2FC-63F405461116}.Debug|Any CPU.Build.0 = Debug|Any CPU
		{27236F32-CEF1-42E8-A2FC-63F405461116}.Release|Any CPU.ActiveCfg = Release|Any CPU
		{27236F32-CEF1-42E8-A2FC-63F405461116}.Release|Any CPU.Build.0 = Release|Any CPU
	EndGlobalSection
	GlobalSection(SolutionProperties) = preSolution
		HideSolutionNode = FALSE
	EndGlobalSection
	GlobalSection(ExtensibilityGlobals) = postSolution
		SolutionGuid = {183B463E-9793-46AB-85EA-16DF46DF3406}
	EndGlobalSection
EndGlobal
